// !$*UTF8*$!
{
	archiveVersion = 1;
	classes = {
	};
	objectVersion = 56;
	objects = {

/* Begin PBXBuildFile section */
		6503734628FFCA9C00F80BF1 /* NewsSearchManager.swift in Sources */ = {isa = PBXBuildFile; fileRef = 6503734528FFCA9B00F80BF1 /* NewsSearchManager.swift */; };
		6536B98328FFBD6800BADAB2 /* NewsRequestModel.swift in Sources */ = {isa = PBXBuildFile; fileRef = 6536B98228FFBD6800BADAB2 /* NewsRequestModel.swift */; };
		6536B98528FFBD7500BADAB2 /* NewsResponseModel.swift in Sources */ = {isa = PBXBuildFile; fileRef = 6536B98428FFBD7500BADAB2 /* NewsResponseModel.swift */; };
		6549494F2900E2D2009653C4 /* String+Extension.swift in Sources */ = {isa = PBXBuildFile; fileRef = 6549494E2900E2D2009653C4 /* String+Extension.swift */; };
		6569A18528FE8A84001F0E21 /* AppDelegate.swift in Sources */ = {isa = PBXBuildFile; fileRef = 6569A18428FE8A84001F0E21 /* AppDelegate.swift */; };
		6569A18728FE8A84001F0E21 /* SceneDelegate.swift in Sources */ = {isa = PBXBuildFile; fileRef = 6569A18628FE8A84001F0E21 /* SceneDelegate.swift */; };
		6569A18928FE8A84001F0E21 /* NewsListViewController.swift in Sources */ = {isa = PBXBuildFile; fileRef = 6569A18828FE8A84001F0E21 /* NewsListViewController.swift */; };
		6569A18E28FE8A85001F0E21 /* Assets.xcassets in Resources */ = {isa = PBXBuildFile; fileRef = 6569A18D28FE8A85001F0E21 /* Assets.xcassets */; };
		6569A19128FE8A85001F0E21 /* LaunchScreen.storyboard in Resources */ = {isa = PBXBuildFile; fileRef = 6569A18F28FE8A85001F0E21 /* LaunchScreen.storyboard */; };
		6569A19C28FE8A85001F0E21 /* KeywordNewsTests.swift in Sources */ = {isa = PBXBuildFile; fileRef = 6569A19B28FE8A85001F0E21 /* KeywordNewsTests.swift */; };
		6569A1A628FE8A85001F0E21 /* KeywordNewsUITests.swift in Sources */ = {isa = PBXBuildFile; fileRef = 6569A1A528FE8A85001F0E21 /* KeywordNewsUITests.swift */; };
		6569A1A828FE8A85001F0E21 /* KeywordNewsUITestsLaunchTests.swift in Sources */ = {isa = PBXBuildFile; fileRef = 6569A1A728FE8A85001F0E21 /* KeywordNewsUITestsLaunchTests.swift */; };
		6569A1B628FE8B0B001F0E21 /* SnapKit in Frameworks */ = {isa = PBXBuildFile; productRef = 6569A1B528FE8B0B001F0E21 /* SnapKit */; };
		6569A1B928FE8B1F001F0E21 /* Alamofire in Frameworks */ = {isa = PBXBuildFile; productRef = 6569A1B828FE8B1F001F0E21 /* Alamofire */; };
		6569A1BC28FE8CC3001F0E21 /* NewsListPresenter.swift in Sources */ = {isa = PBXBuildFile; fileRef = 6569A1BB28FE8CC3001F0E21 /* NewsListPresenter.swift */; };
		6569A1BF28FEAA49001F0E21 /* NewsListTableViewCell.swift in Sources */ = {isa = PBXBuildFile; fileRef = 6569A1BE28FEAA49001F0E21 /* NewsListTableViewCell.swift */; };
		65EF60C928FF890B007965BB /* TTGTags in Frameworks */ = {isa = PBXBuildFile; productRef = 65EF60C828FF890B007965BB /* TTGTags */; };
		65EF60CB28FF8A46007965BB /* NewsListTableViewHeaderView.swift in Sources */ = {isa = PBXBuildFile; fileRef = 65EF60CA28FF8A46007965BB /* NewsListTableViewHeaderView.swift */; };
		65EF60CF28FFA26E007965BB /* NewsWebViewController.swift in Sources */ = {isa = PBXBuildFile; fileRef = 65EF60CE28FFA26E007965BB /* NewsWebViewController.swift */; };
/* End PBXBuildFile section */

/* Begin PBXContainerItemProxy section */
		6569A19828FE8A85001F0E21 /* PBXContainerItemProxy */ = {
			isa = PBXContainerItemProxy;
			containerPortal = 6569A17928FE8A84001F0E21 /* Project object */;
			proxyType = 1;
			remoteGlobalIDString = 6569A18028FE8A84001F0E21;
			remoteInfo = KeywordNews;
		};
		6569A1A228FE8A85001F0E21 /* PBXContainerItemProxy */ = {
			isa = PBXContainerItemProxy;
			containerPortal = 6569A17928FE8A84001F0E21 /* Project object */;
			proxyType = 1;
			remoteGlobalIDString = 6569A18028FE8A84001F0E21;
			remoteInfo = KeywordNews;
		};
/* End PBXContainerItemProxy section */

/* Begin PBXFileReference section */
		6503734528FFCA9B00F80BF1 /* NewsSearchManager.swift */ = {isa = PBXFileReference; lastKnownFileType = sourcecode.swift; path = NewsSearchManager.swift; sourceTree = "<group>"; };
		6536B98228FFBD6800BADAB2 /* NewsRequestModel.swift */ = {isa = PBXFileReference; lastKnownFileType = sourcecode.swift; path = NewsRequestModel.swift; sourceTree = "<group>"; };
		6536B98428FFBD7500BADAB2 /* NewsResponseModel.swift */ = {isa = PBXFileReference; lastKnownFileType = sourcecode.swift; path = NewsResponseModel.swift; sourceTree = "<group>"; };
		6549494E2900E2D2009653C4 /* String+Extension.swift */ = {isa = PBXFileReference; lastKnownFileType = sourcecode.swift; path = "String+Extension.swift"; sourceTree = "<group>"; };
		6569A18128FE8A84001F0E21 /* KeywordNews.app */ = {isa = PBXFileReference; explicitFileType = wrapper.application; includeInIndex = 0; path = KeywordNews.app; sourceTree = BUILT_PRODUCTS_DIR; };
		6569A18428FE8A84001F0E21 /* AppDelegate.swift */ = {isa = PBXFileReference; lastKnownFileType = sourcecode.swift; path = AppDelegate.swift; sourceTree = "<group>"; };
		6569A18628FE8A84001F0E21 /* SceneDelegate.swift */ = {isa = PBXFileReference; lastKnownFileType = sourcecode.swift; path = SceneDelegate.swift; sourceTree = "<group>"; };
		6569A18828FE8A84001F0E21 /* NewsListViewController.swift */ = {isa = PBXFileReference; lastKnownFileType = sourcecode.swift; path = NewsListViewController.swift; sourceTree = "<group>"; };
		6569A18D28FE8A85001F0E21 /* Assets.xcassets */ = {isa = PBXFileReference; lastKnownFileType = folder.assetcatalog; path = Assets.xcassets; sourceTree = "<group>"; };
		6569A19028FE8A85001F0E21 /* Base */ = {isa = PBXFileReference; lastKnownFileType = file.storyboard; name = Base; path = Base.lproj/LaunchScreen.storyboard; sourceTree = "<group>"; };
		6569A19228FE8A85001F0E21 /* Info.plist */ = {isa = PBXFileReference; lastKnownFileType = text.plist.xml; path = Info.plist; sourceTree = "<group>"; };
		6569A19728FE8A85001F0E21 /* KeywordNewsTests.xctest */ = {isa = PBXFileReference; explicitFileType = wrapper.cfbundle; includeInIndex = 0; path = KeywordNewsTests.xctest; sourceTree = BUILT_PRODUCTS_DIR; };
		6569A19B28FE8A85001F0E21 /* KeywordNewsTests.swift */ = {isa = PBXFileReference; lastKnownFileType = sourcecode.swift; path = KeywordNewsTests.swift; sourceTree = "<group>"; };
		6569A1A128FE8A85001F0E21 /* KeywordNewsUITests.xctest */ = {isa = PBXFileReference; explicitFileType = wrapper.cfbundle; includeInIndex = 0; path = KeywordNewsUITests.xctest; sourceTree = BUILT_PRODUCTS_DIR; };
		6569A1A528FE8A85001F0E21 /* KeywordNewsUITests.swift */ = {isa = PBXFileReference; lastKnownFileType = sourcecode.swift; path = KeywordNewsUITests.swift; sourceTree = "<group>"; };
		6569A1A728FE8A85001F0E21 /* KeywordNewsUITestsLaunchTests.swift */ = {isa = PBXFileReference; lastKnownFileType = sourcecode.swift; path = KeywordNewsUITestsLaunchTests.swift; sourceTree = "<group>"; };
		6569A1BB28FE8CC3001F0E21 /* NewsListPresenter.swift */ = {isa = PBXFileReference; lastKnownFileType = sourcecode.swift; path = NewsListPresenter.swift; sourceTree = "<group>"; };
		6569A1BE28FEAA49001F0E21 /* NewsListTableViewCell.swift */ = {isa = PBXFileReference; lastKnownFileType = sourcecode.swift; path = NewsListTableViewCell.swift; sourceTree = "<group>"; };
		65EF60CA28FF8A46007965BB /* NewsListTableViewHeaderView.swift */ = {isa = PBXFileReference; lastKnownFileType = sourcecode.swift; path = NewsListTableViewHeaderView.swift; sourceTree = "<group>"; };
		65EF60CE28FFA26E007965BB /* NewsWebViewController.swift */ = {isa = PBXFileReference; lastKnownFileType = sourcecode.swift; path = NewsWebViewController.swift; sourceTree = "<group>"; };
/* End PBXFileReference section */

/* Begin PBXFrameworksBuildPhase section */
		6569A17E28FE8A84001F0E21 /* Frameworks */ = {
			isa = PBXFrameworksBuildPhase;
			buildActionMask = 2147483647;
			files = (
				65EF60C928FF890B007965BB /* TTGTags in Frameworks */,
				6569A1B628FE8B0B001F0E21 /* SnapKit in Frameworks */,
				6569A1B928FE8B1F001F0E21 /* Alamofire in Frameworks */,
			);
			runOnlyForDeploymentPostprocessing = 0;
		};
		6569A19428FE8A85001F0E21 /* Frameworks */ = {
			isa = PBXFrameworksBuildPhase;
			buildActionMask = 2147483647;
			files = (
			);
			runOnlyForDeploymentPostprocessing = 0;
		};
		6569A19E28FE8A85001F0E21 /* Frameworks */ = {
			isa = PBXFrameworksBuildPhase;
			buildActionMask = 2147483647;
			files = (
			);
			runOnlyForDeploymentPostprocessing = 0;
		};
/* End PBXFrameworksBuildPhase section */

/* Begin PBXGroup section */
		6503734428FFCA8100F80BF1 /* Managers */ = {
			isa = PBXGroup;
			children = (
				6503734528FFCA9B00F80BF1 /* NewsSearchManager.swift */,
			);
			path = Managers;
			sourceTree = "<group>";
		};
		6536B98128FFBD5300BADAB2 /* Models */ = {
			isa = PBXGroup;
			children = (
				6536B98228FFBD6800BADAB2 /* NewsRequestModel.swift */,
				6536B98428FFBD7500BADAB2 /* NewsResponseModel.swift */,
			);
			path = Models;
			sourceTree = "<group>";
		};
		6569A17828FE8A84001F0E21 = {
			isa = PBXGroup;
			children = (
				6569A18328FE8A84001F0E21 /* KeywordNews */,
				6569A19A28FE8A85001F0E21 /* KeywordNewsTests */,
				6569A1A428FE8A85001F0E21 /* KeywordNewsUITests */,
				6569A18228FE8A84001F0E21 /* Products */,
			);
			sourceTree = "<group>";
		};
		6569A18228FE8A84001F0E21 /* Products */ = {
			isa = PBXGroup;
			children = (
				6569A18128FE8A84001F0E21 /* KeywordNews.app */,
				6569A19728FE8A85001F0E21 /* KeywordNewsTests.xctest */,
				6569A1A128FE8A85001F0E21 /* KeywordNewsUITests.xctest */,
			);
			name = Products;
			sourceTree = "<group>";
		};
		6569A18328FE8A84001F0E21 /* KeywordNews */ = {
			isa = PBXGroup;
			children = (
				6569A18428FE8A84001F0E21 /* AppDelegate.swift */,
				6569A18628FE8A84001F0E21 /* SceneDelegate.swift */,
				6503734428FFCA8100F80BF1 /* Managers */,
				6536B98128FFBD5300BADAB2 /* Models */,
				6569A1BA28FE8CA3001F0E21 /* Secenes */,
				6569A18D28FE8A85001F0E21 /* Assets.xcassets */,
				6569A18F28FE8A85001F0E21 /* LaunchScreen.storyboard */,
				6569A19228FE8A85001F0E21 /* Info.plist */,
				6549494E2900E2D2009653C4 /* String+Extension.swift */,
			);
			path = KeywordNews;
			sourceTree = "<group>";
		};
		6569A19A28FE8A85001F0E21 /* KeywordNewsTests */ = {
			isa = PBXGroup;
			children = (
				6569A19B28FE8A85001F0E21 /* KeywordNewsTests.swift */,
			);
			path = KeywordNewsTests;
			sourceTree = "<group>";
		};
		6569A1A428FE8A85001F0E21 /* KeywordNewsUITests */ = {
			isa = PBXGroup;
			children = (
				6569A1A528FE8A85001F0E21 /* KeywordNewsUITests.swift */,
				6569A1A728FE8A85001F0E21 /* KeywordNewsUITestsLaunchTests.swift */,
			);
			path = KeywordNewsUITests;
			sourceTree = "<group>";
		};
		6569A1BA28FE8CA3001F0E21 /* Secenes */ = {
			isa = PBXGroup;
			children = (
				65EF60CD28FFA246007965BB /* NewsWeb */,
				6569A1BD28FE8CF8001F0E21 /* NewsList */,
			);
			path = Secenes;
			sourceTree = "<group>";
		};
		6569A1BD28FE8CF8001F0E21 /* NewsList */ = {
			isa = PBXGroup;
			children = (
				6569A18828FE8A84001F0E21 /* NewsListViewController.swift */,
				6569A1BB28FE8CC3001F0E21 /* NewsListPresenter.swift */,
				6569A1BE28FEAA49001F0E21 /* NewsListTableViewCell.swift */,
				65EF60CA28FF8A46007965BB /* NewsListTableViewHeaderView.swift */,
			);
			path = NewsList;
			sourceTree = "<group>";
		};
		65EF60CD28FFA246007965BB /* NewsWeb */ = {
			isa = PBXGroup;
			children = (
				65EF60CE28FFA26E007965BB /* NewsWebViewController.swift */,
			);
			path = NewsWeb;
			sourceTree = "<group>";
		};
/* End PBXGroup section */

/* Begin PBXNativeTarget section */
		6569A18028FE8A84001F0E21 /* KeywordNews */ = {
			isa = PBXNativeTarget;
			buildConfigurationList = 6569A1AB28FE8A85001F0E21 /* Build configuration list for PBXNativeTarget "KeywordNews" */;
			buildPhases = (
				6569A17D28FE8A84001F0E21 /* Sources */,
				6569A17E28FE8A84001F0E21 /* Frameworks */,
				6569A17F28FE8A84001F0E21 /* Resources */,
			);
			buildRules = (
			);
			dependencies = (
			);
			name = KeywordNews;
			packageProductDependencies = (
				6569A1B528FE8B0B001F0E21 /* SnapKit */,
				6569A1B828FE8B1F001F0E21 /* Alamofire */,
				65EF60C828FF890B007965BB /* TTGTags */,
			);
			productName = KeywordNews;
			productReference = 6569A18128FE8A84001F0E21 /* KeywordNews.app */;
			productType = "com.apple.product-type.application";
		};
		6569A19628FE8A85001F0E21 /* KeywordNewsTests */ = {
			isa = PBXNativeTarget;
			buildConfigurationList = 6569A1AE28FE8A85001F0E21 /* Build configuration list for PBXNativeTarget "KeywordNewsTests" */;
			buildPhases = (
				6569A19328FE8A85001F0E21 /* Sources */,
				6569A19428FE8A85001F0E21 /* Frameworks */,
				6569A19528FE8A85001F0E21 /* Resources */,
			);
			buildRules = (
			);
			dependencies = (
				6569A19928FE8A85001F0E21 /* PBXTargetDependency */,
			);
			name = KeywordNewsTests;
			productName = KeywordNewsTests;
			productReference = 6569A19728FE8A85001F0E21 /* KeywordNewsTests.xctest */;
			productType = "com.apple.product-type.bundle.unit-test";
		};
		6569A1A028FE8A85001F0E21 /* KeywordNewsUITests */ = {
			isa = PBXNativeTarget;
			buildConfigurationList = 6569A1B128FE8A85001F0E21 /* Build configuration list for PBXNativeTarget "KeywordNewsUITests" */;
			buildPhases = (
				6569A19D28FE8A85001F0E21 /* Sources */,
				6569A19E28FE8A85001F0E21 /* Frameworks */,
				6569A19F28FE8A85001F0E21 /* Resources */,
			);
			buildRules = (
			);
			dependencies = (
				6569A1A328FE8A85001F0E21 /* PBXTargetDependency */,
			);
			name = KeywordNewsUITests;
			productName = KeywordNewsUITests;
			productReference = 6569A1A128FE8A85001F0E21 /* KeywordNewsUITests.xctest */;
			productType = "com.apple.product-type.bundle.ui-testing";
		};
/* End PBXNativeTarget section */

/* Begin PBXProject section */
		6569A17928FE8A84001F0E21 /* Project object */ = {
			isa = PBXProject;
			attributes = {
				BuildIndependentTargetsInParallel = 1;
				LastSwiftUpdateCheck = 1400;
				LastUpgradeCheck = 1400;
				TargetAttributes = {
					6569A18028FE8A84001F0E21 = {
						CreatedOnToolsVersion = 14.0.1;
					};
					6569A19628FE8A85001F0E21 = {
						CreatedOnToolsVersion = 14.0.1;
						TestTargetID = 6569A18028FE8A84001F0E21;
					};
					6569A1A028FE8A85001F0E21 = {
						CreatedOnToolsVersion = 14.0.1;
						TestTargetID = 6569A18028FE8A84001F0E21;
					};
				};
			};
			buildConfigurationList = 6569A17C28FE8A84001F0E21 /* Build configuration list for PBXProject "KeywordNews" */;
			compatibilityVersion = "Xcode 14.0";
			developmentRegion = en;
			hasScannedForEncodings = 0;
			knownRegions = (
				en,
				Base,
			);
			mainGroup = 6569A17828FE8A84001F0E21;
			packageReferences = (
				6569A1B428FE8B0B001F0E21 /* XCRemoteSwiftPackageReference "SnapKit" */,
				6569A1B728FE8B1F001F0E21 /* XCRemoteSwiftPackageReference "Alamofire" */,
				65EF60C728FF890B007965BB /* XCRemoteSwiftPackageReference "TTGTagCollectionView" */,
			);
			productRefGroup = 6569A18228FE8A84001F0E21 /* Products */;
			projectDirPath = "";
			projectRoot = "";
			targets = (
				6569A18028FE8A84001F0E21 /* KeywordNews */,
				6569A19628FE8A85001F0E21 /* KeywordNewsTests */,
				6569A1A028FE8A85001F0E21 /* KeywordNewsUITests */,
			);
		};
/* End PBXProject section */

/* Begin PBXResourcesBuildPhase section */
		6569A17F28FE8A84001F0E21 /* Resources */ = {
			isa = PBXResourcesBuildPhase;
			buildActionMask = 2147483647;
			files = (
				6569A19128FE8A85001F0E21 /* LaunchScreen.storyboard in Resources */,
				6569A18E28FE8A85001F0E21 /* Assets.xcassets in Resources */,
			);
			runOnlyForDeploymentPostprocessing = 0;
		};
		6569A19528FE8A85001F0E21 /* Resources */ = {
			isa = PBXResourcesBuildPhase;
			buildActionMask = 2147483647;
			files = (
			);
			runOnlyForDeploymentPostprocessing = 0;
		};
		6569A19F28FE8A85001F0E21 /* Resources */ = {
			isa = PBXResourcesBuildPhase;
			buildActionMask = 2147483647;
			files = (
			);
			runOnlyForDeploymentPostprocessing = 0;
		};
/* End PBXResourcesBuildPhase section */

/* Begin PBXSourcesBuildPhase section */
		6569A17D28FE8A84001F0E21 /* Sources */ = {
			isa = PBXSourcesBuildPhase;
			buildActionMask = 2147483647;
			files = (
				6536B98328FFBD6800BADAB2 /* NewsRequestModel.swift in Sources */,
				6549494F2900E2D2009653C4 /* String+Extension.swift in Sources */,
				6569A18928FE8A84001F0E21 /* NewsListViewController.swift in Sources */,
				6569A1BF28FEAA49001F0E21 /* NewsListTableViewCell.swift in Sources */,
				65EF60CB28FF8A46007965BB /* NewsListTableViewHeaderView.swift in Sources */,
				6503734628FFCA9C00F80BF1 /* NewsSearchManager.swift in Sources */,
				6536B98528FFBD7500BADAB2 /* NewsResponseModel.swift in Sources */,
				6569A18528FE8A84001F0E21 /* AppDelegate.swift in Sources */,
				65EF60CF28FFA26E007965BB /* NewsWebViewController.swift in Sources */,
				6569A18728FE8A84001F0E21 /* SceneDelegate.swift in Sources */,
				6569A1BC28FE8CC3001F0E21 /* NewsListPresenter.swift in Sources */,
			);
			runOnlyForDeploymentPostprocessing = 0;
		};
		6569A19328FE8A85001F0E21 /* Sources */ = {
			isa = PBXSourcesBuildPhase;
			buildActionMask = 2147483647;
			files = (
				6569A19C28FE8A85001F0E21 /* KeywordNewsTests.swift in Sources */,
			);
			runOnlyForDeploymentPostprocessing = 0;
		};
		6569A19D28FE8A85001F0E21 /* Sources */ = {
			isa = PBXSourcesBuildPhase;
			buildActionMask = 2147483647;
			files = (
				6569A1A628FE8A85001F0E21 /* KeywordNewsUITests.swift in Sources */,
				6569A1A828FE8A85001F0E21 /* KeywordNewsUITestsLaunchTests.swift in Sources */,
			);
			runOnlyForDeploymentPostprocessing = 0;
		};
/* End PBXSourcesBuildPhase section */

/* Begin PBXTargetDependency section */
		6569A19928FE8A85001F0E21 /* PBXTargetDependency */ = {
			isa = PBXTargetDependency;
			target = 6569A18028FE8A84001F0E21 /* KeywordNews */;
			targetProxy = 6569A19828FE8A85001F0E21 /* PBXContainerItemProxy */;
		};
		6569A1A328FE8A85001F0E21 /* PBXTargetDependency */ = {
			isa = PBXTargetDependency;
			target = 6569A18028FE8A84001F0E21 /* KeywordNews */;
			targetProxy = 6569A1A228FE8A85001F0E21 /* PBXContainerItemProxy */;
		};
/* End PBXTargetDependency section */

/* Begin PBXVariantGroup section */
		6569A18F28FE8A85001F0E21 /* LaunchScreen.storyboard */ = {
			isa = PBXVariantGroup;
			children = (
				6569A19028FE8A85001F0E21 /* Base */,
			);
			name = LaunchScreen.storyboard;
			sourceTree = "<group>";
		};
/* End PBXVariantGroup section */

/* Begin XCBuildConfiguration section */
		6569A1A928FE8A85001F0E21 /* Debug */ = {
			isa = XCBuildConfiguration;
			buildSettings = {
				ALWAYS_SEARCH_USER_PATHS = NO;
				CLANG_ANALYZER_NONNULL = YES;
				CLANG_ANALYZER_NUMBER_OBJECT_CONVERSION = YES_AGGRESSIVE;
				CLANG_CXX_LANGUAGE_STANDARD = "gnu++20";
				CLANG_ENABLE_MODULES = YES;
				CLANG_ENABLE_OBJC_ARC = YES;
				CLANG_ENABLE_OBJC_WEAK = YES;
				CLANG_WARN_BLOCK_CAPTURE_AUTORELEASING = YES;
				CLANG_WARN_BOOL_CONVERSION = YES;
				CLANG_WARN_COMMA = YES;
				CLANG_WARN_CONSTANT_CONVERSION = YES;
				CLANG_WARN_DEPRECATED_OBJC_IMPLEMENTATIONS = YES;
				CLANG_WARN_DIRECT_OBJC_ISA_USAGE = YES_ERROR;
				CLANG_WARN_DOCUMENTATION_COMMENTS = YES;
				CLANG_WARN_EMPTY_BODY = YES;
				CLANG_WARN_ENUM_CONVERSION = YES;
				CLANG_WARN_INFINITE_RECURSION = YES;
				CLANG_WARN_INT_CONVERSION = YES;
				CLANG_WARN_NON_LITERAL_NULL_CONVERSION = YES;
				CLANG_WARN_OBJC_IMPLICIT_RETAIN_SELF = YES;
				CLANG_WARN_OBJC_LITERAL_CONVERSION = YES;
				CLANG_WARN_OBJC_ROOT_CLASS = YES_ERROR;
				CLANG_WARN_QUOTED_INCLUDE_IN_FRAMEWORK_HEADER = YES;
				CLANG_WARN_RANGE_LOOP_ANALYSIS = YES;
				CLANG_WARN_STRICT_PROTOTYPES = YES;
				CLANG_WARN_SUSPICIOUS_MOVE = YES;
				CLANG_WARN_UNGUARDED_AVAILABILITY = YES_AGGRESSIVE;
				CLANG_WARN_UNREACHABLE_CODE = YES;
				CLANG_WARN__DUPLICATE_METHOD_MATCH = YES;
				COPY_PHASE_STRIP = NO;
				DEBUG_INFORMATION_FORMAT = dwarf;
				ENABLE_STRICT_OBJC_MSGSEND = YES;
				ENABLE_TESTABILITY = YES;
				GCC_C_LANGUAGE_STANDARD = gnu11;
				GCC_DYNAMIC_NO_PIC = NO;
				GCC_NO_COMMON_BLOCKS = YES;
				GCC_OPTIMIZATION_LEVEL = 0;
				GCC_PREPROCESSOR_DEFINITIONS = (
					"DEBUG=1",
					"$(inherited)",
				);
				GCC_WARN_64_TO_32_BIT_CONVERSION = YES;
				GCC_WARN_ABOUT_RETURN_TYPE = YES_ERROR;
				GCC_WARN_UNDECLARED_SELECTOR = YES;
				GCC_WARN_UNINITIALIZED_AUTOS = YES_AGGRESSIVE;
				GCC_WARN_UNUSED_FUNCTION = YES;
				GCC_WARN_UNUSED_VARIABLE = YES;
				IPHONEOS_DEPLOYMENT_TARGET = 16.0;
				MTL_ENABLE_DEBUG_INFO = INCLUDE_SOURCE;
				MTL_FAST_MATH = YES;
				ONLY_ACTIVE_ARCH = YES;
				SDKROOT = iphoneos;
				SWIFT_ACTIVE_COMPILATION_CONDITIONS = DEBUG;
				SWIFT_OPTIMIZATION_LEVEL = "-Onone";
			};
			name = Debug;
		};
		6569A1AA28FE8A85001F0E21 /* Release */ = {
			isa = XCBuildConfiguration;
			buildSettings = {
				ALWAYS_SEARCH_USER_PATHS = NO;
				CLANG_ANALYZER_NONNULL = YES;
				CLANG_ANALYZER_NUMBER_OBJECT_CONVERSION = YES_AGGRESSIVE;
				CLANG_CXX_LANGUAGE_STANDARD = "gnu++20";
				CLANG_ENABLE_MODULES = YES;
				CLANG_ENABLE_OBJC_ARC = YES;
				CLANG_ENABLE_OBJC_WEAK = YES;
				CLANG_WARN_BLOCK_CAPTURE_AUTORELEASING = YES;
				CLANG_WARN_BOOL_CONVERSION = YES;
				CLANG_WARN_COMMA = YES;
				CLANG_WARN_CONSTANT_CONVERSION = YES;
				CLANG_WARN_DEPRECATED_OBJC_IMPLEMENTATIONS = YES;
				CLANG_WARN_DIRECT_OBJC_ISA_USAGE = YES_ERROR;
				CLANG_WARN_DOCUMENTATION_COMMENTS = YES;
				CLANG_WARN_EMPTY_BODY = YES;
				CLANG_WARN_ENUM_CONVERSION = YES;
				CLANG_WARN_INFINITE_RECURSION = YES;
				CLANG_WARN_INT_CONVERSION = YES;
				CLANG_WARN_NON_LITERAL_NULL_CONVERSION = YES;
				CLANG_WARN_OBJC_IMPLICIT_RETAIN_SELF = YES;
				CLANG_WARN_OBJC_LITERAL_CONVERSION = YES;
				CLANG_WARN_OBJC_ROOT_CLASS = YES_ERROR;
				CLANG_WARN_QUOTED_INCLUDE_IN_FRAMEWORK_HEADER = YES;
				CLANG_WARN_RANGE_LOOP_ANALYSIS = YES;
				CLANG_WARN_STRICT_PROTOTYPES = YES;
				CLANG_WARN_SUSPICIOUS_MOVE = YES;
				CLANG_WARN_UNGUARDED_AVAILABILITY = YES_AGGRESSIVE;
				CLANG_WARN_UNREACHABLE_CODE = YES;
				CLANG_WARN__DUPLICATE_METHOD_MATCH = YES;
				COPY_PHASE_STRIP = NO;
				DEBUG_INFORMATION_FORMAT = "dwarf-with-dsym";
				ENABLE_NS_ASSERTIONS = NO;
				ENABLE_STRICT_OBJC_MSGSEND = YES;
				GCC_C_LANGUAGE_STANDARD = gnu11;
				GCC_NO_COMMON_BLOCKS = YES;
				GCC_WARN_64_TO_32_BIT_CONVERSION = YES;
				GCC_WARN_ABOUT_RETURN_TYPE = YES_ERROR;
				GCC_WARN_UNDECLARED_SELECTOR = YES;
				GCC_WARN_UNINITIALIZED_AUTOS = YES_AGGRESSIVE;
				GCC_WARN_UNUSED_FUNCTION = YES;
				GCC_WARN_UNUSED_VARIABLE = YES;
				IPHONEOS_DEPLOYMENT_TARGET = 16.0;
				MTL_ENABLE_DEBUG_INFO = NO;
				MTL_FAST_MATH = YES;
				SDKROOT = iphoneos;
				SWIFT_COMPILATION_MODE = wholemodule;
				SWIFT_OPTIMIZATION_LEVEL = "-O";
				VALIDATE_PRODUCT = YES;
			};
			name = Release;
		};
		6569A1AC28FE8A85001F0E21 /* Debug */ = {
			isa = XCBuildConfiguration;
			buildSettings = {
				ASSETCATALOG_COMPILER_APPICON_NAME = AppIcon;
				ASSETCATALOG_COMPILER_GLOBAL_ACCENT_COLOR_NAME = AccentColor;
				CODE_SIGN_STYLE = Automatic;
				CURRENT_PROJECT_VERSION = 1;
				DEVELOPMENT_TEAM = B434W34DLF;
				GENERATE_INFOPLIST_FILE = YES;
				INFOPLIST_FILE = KeywordNews/Info.plist;
				INFOPLIST_KEY_UIApplicationSupportsIndirectInputEvents = YES;
				INFOPLIST_KEY_UILaunchStoryboardName = LaunchScreen;
				INFOPLIST_KEY_UISupportedInterfaceOrientations_iPad = "UIInterfaceOrientationPortrait UIInterfaceOrientationPortraitUpsideDown UIInterfaceOrientationLandscapeLeft UIInterfaceOrientationLandscapeRight";
				INFOPLIST_KEY_UISupportedInterfaceOrientations_iPhone = "UIInterfaceOrientationPortrait UIInterfaceOrientationLandscapeLeft UIInterfaceOrientationLandscapeRight";
				LD_RUNPATH_SEARCH_PATHS = (
					"$(inherited)",
					"@executable_path/Frameworks",
				);
				MARKETING_VERSION = 1.0;
				PRODUCT_BUNDLE_IDENTIFIER = com.sunghongmin.KeywordNews;
				PRODUCT_NAME = "$(TARGET_NAME)";
				SWIFT_EMIT_LOC_STRINGS = YES;
				SWIFT_VERSION = 5.0;
				TARGETED_DEVICE_FAMILY = "1,2";
			};
			name = Debug;
		};
		6569A1AD28FE8A85001F0E21 /* Release */ = {
			isa = XCBuildConfiguration;
			buildSettings = {
				ASSETCATALOG_COMPILER_APPICON_NAME = AppIcon;
				ASSETCATALOG_COMPILER_GLOBAL_ACCENT_COLOR_NAME = AccentColor;
				CODE_SIGN_STYLE = Automatic;
				CURRENT_PROJECT_VERSION = 1;
				DEVELOPMENT_TEAM = B434W34DLF;
				GENERATE_INFOPLIST_FILE = YES;
				INFOPLIST_FILE = KeywordNews/Info.plist;
				INFOPLIST_KEY_UIApplicationSupportsIndirectInputEvents = YES;
				INFOPLIST_KEY_UILaunchStoryboardName = LaunchScreen;
				INFOPLIST_KEY_UISupportedInterfaceOrientations_iPad = "UIInterfaceOrientationPortrait UIInterfaceOrientationPortraitUpsideDown UIInterfaceOrientationLandscapeLeft UIInterfaceOrientationLandscapeRight";
				INFOPLIST_KEY_UISupportedInterfaceOrientations_iPhone = "UIInterfaceOrientationPortrait UIInterfaceOrientationLandscapeLeft UIInterfaceOrientationLandscapeRight";
				LD_RUNPATH_SEARCH_PATHS = (
					"$(inherited)",
					"@executable_path/Frameworks",
				);
				MARKETING_VERSION = 1.0;
				PRODUCT_BUNDLE_IDENTIFIER = com.sunghongmin.KeywordNews;
				PRODUCT_NAME = "$(TARGET_NAME)";
				SWIFT_EMIT_LOC_STRINGS = YES;
				SWIFT_VERSION = 5.0;
				TARGETED_DEVICE_FAMILY = "1,2";
			};
			name = Release;
		};
		6569A1AF28FE8A85001F0E21 /* Debug */ = {
			isa = XCBuildConfiguration;
			buildSettings = {
				ALWAYS_EMBED_SWIFT_STANDARD_LIBRARIES = YES;
				BUNDLE_LOADER = "$(TEST_HOST)";
				CODE_SIGN_STYLE = Automatic;
				CURRENT_PROJECT_VERSION = 1;
				DEVELOPMENT_TEAM = B434W34DLF;
				GENERATE_INFOPLIST_FILE = YES;
				IPHONEOS_DEPLOYMENT_TARGET = 16.0;
				MARKETING_VERSION = 1.0;
				PRODUCT_BUNDLE_IDENTIFIER = com.sunghongmin.KeywordNewsTests;
				PRODUCT_NAME = "$(TARGET_NAME)";
				SWIFT_EMIT_LOC_STRINGS = NO;
				SWIFT_VERSION = 5.0;
				TARGETED_DEVICE_FAMILY = "1,2";
				TEST_HOST = "$(BUILT_PRODUCTS_DIR)/KeywordNews.app/$(BUNDLE_EXECUTABLE_FOLDER_PATH)/KeywordNews";
			};
			name = Debug;
		};
		6569A1B028FE8A85001F0E21 /* Release */ = {
			isa = XCBuildConfiguration;
			buildSettings = {
				ALWAYS_EMBED_SWIFT_STANDARD_LIBRARIES = YES;
				BUNDLE_LOADER = "$(TEST_HOST)";
				CODE_SIGN_STYLE = Automatic;
				CURRENT_PROJECT_VERSION = 1;
				DEVELOPMENT_TEAM = B434W34DLF;
				GENERATE_INFOPLIST_FILE = YES;
				IPHONEOS_DEPLOYMENT_TARGET = 16.0;
				MARKETING_VERSION = 1.0;
				PRODUCT_BUNDLE_IDENTIFIER = com.sunghongmin.KeywordNewsTests;
				PRODUCT_NAME = "$(TARGET_NAME)";
				SWIFT_EMIT_LOC_STRINGS = NO;
				SWIFT_VERSION = 5.0;
				TARGETED_DEVICE_FAMILY = "1,2";
				TEST_HOST = "$(BUILT_PRODUCTS_DIR)/KeywordNews.app/$(BUNDLE_EXECUTABLE_FOLDER_PATH)/KeywordNews";
			};
			name = Release;
		};
		6569A1B228FE8A85001F0E21 /* Debug */ = {
			isa = XCBuildConfiguration;
			buildSettings = {
				ALWAYS_EMBED_SWIFT_STANDARD_LIBRARIES = YES;
				CODE_SIGN_STYLE = Automatic;
				CURRENT_PROJECT_VERSION = 1;
				DEVELOPMENT_TEAM = B434W34DLF;
				GENERATE_INFOPLIST_FILE = YES;
				MARKETING_VERSION = 1.0;
				PRODUCT_BUNDLE_IDENTIFIER = com.sunghongmin.KeywordNewsUITests;
				PRODUCT_NAME = "$(TARGET_NAME)";
				SWIFT_EMIT_LOC_STRINGS = NO;
				SWIFT_VERSION = 5.0;
				TARGETED_DEVICE_FAMILY = "1,2";
				TEST_TARGET_NAME = KeywordNews;
			};
			name = Debug;
		};
		6569A1B328FE8A85001F0E21 /* Release */ = {
			isa = XCBuildConfiguration;
			buildSettings = {
				ALWAYS_EMBED_SWIFT_STANDARD_LIBRARIES = YES;
				CODE_SIGN_STYLE = Automatic;
				CURRENT_PROJECT_VERSION = 1;
				DEVELOPMENT_TEAM = B434W34DLF;
				GENERATE_INFOPLIST_FILE = YES;
				MARKETING_VERSION = 1.0;
				PRODUCT_BUNDLE_IDENTIFIER = com.sunghongmin.KeywordNewsUITests;
				PRODUCT_NAME = "$(TARGET_NAME)";
				SWIFT_EMIT_LOC_STRINGS = NO;
				SWIFT_VERSION = 5.0;
				TARGETED_DEVICE_FAMILY = "1,2";
				TEST_TARGET_NAME = KeywordNews;
			};
			name = Release;
		};
/* End XCBuildConfiguration section */

/* Begin XCConfigurationList section */
		6569A17C28FE8A84001F0E21 /* Build configuration list for PBXProject "KeywordNews" */ = {
			isa = XCConfigurationList;
			buildConfigurations = (
				6569A1A928FE8A85001F0E21 /* Debug */,
				6569A1AA28FE8A85001F0E21 /* Release */,
			);
			defaultConfigurationIsVisible = 0;
			defaultConfigurationName = Release;
		};
		6569A1AB28FE8A85001F0E21 /* Build configuration list for PBXNativeTarget "KeywordNews" */ = {
			isa = XCConfigurationList;
			buildConfigurations = (
				6569A1AC28FE8A85001F0E21 /* Debug */,
				6569A1AD28FE8A85001F0E21 /* Release */,
			);
			defaultConfigurationIsVisible = 0;
			defaultConfigurationName = Release;
		};
		6569A1AE28FE8A85001F0E21 /* Build configuration list for PBXNativeTarget "KeywordNewsTests" */ = {
			isa = XCConfigurationList;
			buildConfigurations = (
				6569A1AF28FE8A85001F0E21 /* Debug */,
				6569A1B028FE8A85001F0E21 /* Release */,
			);
			defaultConfigurationIsVisible = 0;
			defaultConfigurationName = Release;
		};
		6569A1B128FE8A85001F0E21 /* Build configuration list for PBXNativeTarget "KeywordNewsUITests" */ = {
			isa = XCConfigurationList;
			buildConfigurations = (
				6569A1B228FE8A85001F0E21 /* Debug */,
				6569A1B328FE8A85001F0E21 /* Release */,
			);
			defaultConfigurationIsVisible = 0;
			defaultConfigurationName = Release;
		};
/* End XCConfigurationList section */

/* Begin XCRemoteSwiftPackageReference section */
		6569A1B428FE8B0B001F0E21 /* XCRemoteSwiftPackageReference "SnapKit" */ = {
			isa = XCRemoteSwiftPackageReference;
			repositoryURL = "https://github.com/SnapKit/SnapKit.git";
			requirement = {
				kind = upToNextMajorVersion;
				minimumVersion = 5.0.0;
			};
		};
		6569A1B728FE8B1F001F0E21 /* XCRemoteSwiftPackageReference "Alamofire" */ = {
			isa = XCRemoteSwiftPackageReference;
			repositoryURL = "https://github.com/Alamofire/Alamofire";
			requirement = {
				kind = upToNextMajorVersion;
				minimumVersion = 5.0.0;
			};
		};
		65EF60C728FF890B007965BB /* XCRemoteSwiftPackageReference "TTGTagCollectionView" */ = {
			isa = XCRemoteSwiftPackageReference;
			repositoryURL = "git@github.com:zekunyan/TTGTagCollectionView.git";
			requirement = {
				kind = upToNextMajorVersion;
				minimumVersion = 2.0.0;
			};
		};
/* End XCRemoteSwiftPackageReference section */

/* Begin XCSwiftPackageProductDependency section */
		6569A1B528FE8B0B001F0E21 /* SnapKit */ = {
			isa = XCSwiftPackageProductDependency;
			package = 6569A1B428FE8B0B001F0E21 /* XCRemoteSwiftPackageReference "SnapKit" */;
			productName = SnapKit;
		};
		6569A1B828FE8B1F001F0E21 /* Alamofire */ = {
			isa = XCSwiftPackageProductDependency;
			package = 6569A1B728FE8B1F001F0E21 /* XCRemoteSwiftPackageReference "Alamofire" */;
			productName = Alamofire;
		};
		65EF60C828FF890B007965BB /* TTGTags */ = {
			isa = XCSwiftPackageProductDependency;
			package = 65EF60C728FF890B007965BB /* XCRemoteSwiftPackageReference "TTGTagCollectionView" */;
			productName = TTGTags;
		};
/* End XCSwiftPackageProductDependency section */
	};
	rootObject = 6569A17928FE8A84001F0E21 /* Project object */;
}
